// !$*UTF8*$!
{
	archiveVersion = 1;
	classes = {
	};
	objectVersion = 50;
	objects = {

/* Begin PBXBuildFile section */
		338AD7F020DA6C78000B2B94 /* Images.xcassets in Resources */ = {isa = PBXBuildFile; fileRef = 338AD7EF20DA6C78000B2B94 /* Images.xcassets */; };
		33B93AFD20D7A70900C777AF /* AppDelegate.swift in Sources */ = {isa = PBXBuildFile; fileRef = 33B93AFC20D7A70900C777AF /* AppDelegate.swift */; };
		33B93AFF20D7A70900C777AF /* StartViewController.swift in Sources */ = {isa = PBXBuildFile; fileRef = 33B93AFE20D7A70900C777AF /* StartViewController.swift */; };
		33B93B0220D7A70900C777AF /* Main.storyboard in Resources */ = {isa = PBXBuildFile; fileRef = 33B93B0020D7A70900C777AF /* Main.storyboard */; };
		33B93B0420D7A70B00C777AF /* Assets.xcassets in Resources */ = {isa = PBXBuildFile; fileRef = 33B93B0320D7A70B00C777AF /* Assets.xcassets */; };
		33B93B0720D7A70B00C777AF /* LaunchScreen.storyboard in Resources */ = {isa = PBXBuildFile; fileRef = 33B93B0520D7A70B00C777AF /* LaunchScreen.storyboard */; };
		33B93B1220D7A70B00C777AF /* FortniteHealthTests.swift in Sources */ = {isa = PBXBuildFile; fileRef = 33B93B1120D7A70B00C777AF /* FortniteHealthTests.swift */; };
		33B93B1D20D7A70B00C777AF /* FortniteHealthUITests.swift in Sources */ = {isa = PBXBuildFile; fileRef = 33B93B1C20D7A70B00C777AF /* FortniteHealthUITests.swift */; };
		33DEC1C820DB79F1003FD0F7 /* chugJug.mp3 in Resources */ = {isa = PBXBuildFile; fileRef = 33DEC1C520DB79F1003FD0F7 /* chugJug.mp3 */; };
		33DEC1C920DB79F1003FD0F7 /* deathSound.mp3 in Resources */ = {isa = PBXBuildFile; fileRef = 33DEC1C620DB79F1003FD0F7 /* deathSound.mp3 */; };
		33DEC1CB20DB7A06003FD0F7 /* bigShield.mp3 in Resources */ = {isa = PBXBuildFile; fileRef = 33DEC1CA20DB7A06003FD0F7 /* bigShield.mp3 */; };
		33DEC1D920DCC6C4003FD0F7 /* buttonPress.mp3 in Resources */ = {isa = PBXBuildFile; fileRef = 33DEC1D820DCC6C3003FD0F7 /* buttonPress.mp3 */; };
		33DEC1DB20DCCA3B003FD0F7 /* victorySoundFinal.mp3 in Resources */ = {isa = PBXBuildFile; fileRef = 33DEC1DA20DCCA3B003FD0F7 /* victorySoundFinal.mp3 */; };
		7EEB330520DA9C6000E32B3C /* UIView.swift in Sources */ = {isa = PBXBuildFile; fileRef = 7EEB330420DA9C6000E32B3C /* UIView.swift */; };
		7EEB330720DAC1F500E32B3C /* GameViewController.swift in Sources */ = {isa = PBXBuildFile; fileRef = 7EEB330620DAC1F500E32B3C /* GameViewController.swift */; };
		7EEB330920DAC3F000E32B3C /* Global.swift in Sources */ = {isa = PBXBuildFile; fileRef = 7EEB330820DAC3F000E32B3C /* Global.swift */; };
		7EEB331120DB8B7B00E32B3C /* miniShield.mp3 in Resources */ = {isa = PBXBuildFile; fileRef = 7EEB331020DB8B7B00E32B3C /* miniShield.mp3 */; };
		7EEB331720DCBD2400E32B3C /* EndGameViewController.swift in Sources */ = {isa = PBXBuildFile; fileRef = 7EEB331620DCBD2400E32B3C /* EndGameViewController.swift */; };
		7EEB331A20E0C90100E32B3C /* boltSound.wav in Resources */ = {isa = PBXBuildFile; fileRef = 7EEB331920E0C90100E32B3C /* boltSound.wav */; };
/* End PBXBuildFile section */

/* Begin PBXContainerItemProxy section */
		33B93B0E20D7A70B00C777AF /* PBXContainerItemProxy */ = {
			isa = PBXContainerItemProxy;
			containerPortal = 33B93AF120D7A70800C777AF /* Project object */;
			proxyType = 1;
			remoteGlobalIDString = 33B93AF820D7A70800C777AF;
			remoteInfo = FortniteHealth;
		};
		33B93B1920D7A70B00C777AF /* PBXContainerItemProxy */ = {
			isa = PBXContainerItemProxy;
			containerPortal = 33B93AF120D7A70800C777AF /* Project object */;
			proxyType = 1;
			remoteGlobalIDString = 33B93AF820D7A70800C777AF;
			remoteInfo = FortniteHealth;
		};
/* End PBXContainerItemProxy section */

/* Begin PBXFileReference section */
		338AD7EF20DA6C78000B2B94 /* Images.xcassets */ = {isa = PBXFileReference; lastKnownFileType = folder.assetcatalog; path = Images.xcassets; sourceTree = "<group>"; };
		33B93AF920D7A70900C777AF /* FortniteHealth.app */ = {isa = PBXFileReference; explicitFileType = wrapper.application; includeInIndex = 0; path = FortniteHealth.app; sourceTree = BUILT_PRODUCTS_DIR; };
		33B93AFC20D7A70900C777AF /* AppDelegate.swift */ = {isa = PBXFileReference; lastKnownFileType = sourcecode.swift; path = AppDelegate.swift; sourceTree = "<group>"; };
		33B93AFE20D7A70900C777AF /* StartViewController.swift */ = {isa = PBXFileReference; lastKnownFileType = sourcecode.swift; path = StartViewController.swift; sourceTree = "<group>"; };
		33B93B0120D7A70900C777AF /* Base */ = {isa = PBXFileReference; lastKnownFileType = file.storyboard; name = Base; path = Base.lproj/Main.storyboard; sourceTree = "<group>"; };
		33B93B0320D7A70B00C777AF /* Assets.xcassets */ = {isa = PBXFileReference; lastKnownFileType = folder.assetcatalog; path = Assets.xcassets; sourceTree = "<group>"; };
		33B93B0620D7A70B00C777AF /* Base */ = {isa = PBXFileReference; lastKnownFileType = file.storyboard; name = Base; path = Base.lproj/LaunchScreen.storyboard; sourceTree = "<group>"; };
		33B93B0820D7A70B00C777AF /* Info.plist */ = {isa = PBXFileReference; lastKnownFileType = text.plist.xml; path = Info.plist; sourceTree = "<group>"; };
		33B93B0D20D7A70B00C777AF /* FortniteHealthTests.xctest */ = {isa = PBXFileReference; explicitFileType = wrapper.cfbundle; includeInIndex = 0; path = FortniteHealthTests.xctest; sourceTree = BUILT_PRODUCTS_DIR; };
		33B93B1120D7A70B00C777AF /* FortniteHealthTests.swift */ = {isa = PBXFileReference; lastKnownFileType = sourcecode.swift; path = FortniteHealthTests.swift; sourceTree = "<group>"; };
		33B93B1320D7A70B00C777AF /* Info.plist */ = {isa = PBXFileReference; lastKnownFileType = text.plist.xml; path = Info.plist; sourceTree = "<group>"; };
		33B93B1820D7A70B00C777AF /* FortniteHealthUITests.xctest */ = {isa = PBXFileReference; explicitFileType = wrapper.cfbundle; includeInIndex = 0; path = FortniteHealthUITests.xctest; sourceTree = BUILT_PRODUCTS_DIR; };
		33B93B1C20D7A70B00C777AF /* FortniteHealthUITests.swift */ = {isa = PBXFileReference; lastKnownFileType = sourcecode.swift; path = FortniteHealthUITests.swift; sourceTree = "<group>"; };
		33B93B1E20D7A70B00C777AF /* Info.plist */ = {isa = PBXFileReference; lastKnownFileType = text.plist.xml; path = Info.plist; sourceTree = "<group>"; };
		33DEC1C520DB79F1003FD0F7 /* chugJug.mp3 */ = {isa = PBXFileReference; lastKnownFileType = audio.mp3; path = chugJug.mp3; sourceTree = "<group>"; };
		33DEC1C620DB79F1003FD0F7 /* deathSound.mp3 */ = {isa = PBXFileReference; lastKnownFileType = audio.mp3; path = deathSound.mp3; sourceTree = "<group>"; };
		33DEC1CA20DB7A06003FD0F7 /* bigShield.mp3 */ = {isa = PBXFileReference; lastKnownFileType = audio.mp3; path = bigShield.mp3; sourceTree = "<group>"; };
		33DEC1D820DCC6C3003FD0F7 /* buttonPress.mp3 */ = {isa = PBXFileReference; lastKnownFileType = audio.mp3; path = buttonPress.mp3; sourceTree = "<group>"; };
		33DEC1DA20DCCA3B003FD0F7 /* victorySoundFinal.mp3 */ = {isa = PBXFileReference; lastKnownFileType = audio.mp3; path = victorySoundFinal.mp3; sourceTree = "<group>"; };
		7EEB330420DA9C6000E32B3C /* UIView.swift */ = {isa = PBXFileReference; lastKnownFileType = sourcecode.swift; path = UIView.swift; sourceTree = "<group>"; };
		7EEB330620DAC1F500E32B3C /* GameViewController.swift */ = {isa = PBXFileReference; lastKnownFileType = sourcecode.swift; path = GameViewController.swift; sourceTree = "<group>"; };
		7EEB330820DAC3F000E32B3C /* Global.swift */ = {isa = PBXFileReference; lastKnownFileType = sourcecode.swift; path = Global.swift; sourceTree = "<group>"; };
		7EEB331020DB8B7B00E32B3C /* miniShield.mp3 */ = {isa = PBXFileReference; lastKnownFileType = audio.mp3; path = miniShield.mp3; sourceTree = "<group>"; };
		7EEB331620DCBD2400E32B3C /* EndGameViewController.swift */ = {isa = PBXFileReference; lastKnownFileType = sourcecode.swift; path = EndGameViewController.swift; sourceTree = "<group>"; };
		7EEB331920E0C90100E32B3C /* boltSound.wav */ = {isa = PBXFileReference; lastKnownFileType = audio.wav; path = boltSound.wav; sourceTree = "<group>"; };
/* End PBXFileReference section */

/* Begin PBXFrameworksBuildPhase section */
		33B93AF620D7A70800C777AF /* Frameworks */ = {
			isa = PBXFrameworksBuildPhase;
			buildActionMask = 2147483647;
			files = (
			);
			runOnlyForDeploymentPostprocessing = 0;
		};
		33B93B0A20D7A70B00C777AF /* Frameworks */ = {
			isa = PBXFrameworksBuildPhase;
			buildActionMask = 2147483647;
			files = (
			);
			runOnlyForDeploymentPostprocessing = 0;
		};
		33B93B1520D7A70B00C777AF /* Frameworks */ = {
			isa = PBXFrameworksBuildPhase;
			buildActionMask = 2147483647;
			files = (
			);
			runOnlyForDeploymentPostprocessing = 0;
		};
/* End PBXFrameworksBuildPhase section */

/* Begin PBXGroup section */
		33B93AF020D7A70800C777AF = {
			isa = PBXGroup;
			children = (
				33B93AFB20D7A70900C777AF /* FortniteHealth */,
				33B93B1020D7A70B00C777AF /* FortniteHealthTests */,
				33B93B1B20D7A70B00C777AF /* FortniteHealthUITests */,
				33B93AFA20D7A70900C777AF /* Products */,
			);
			sourceTree = "<group>";
		};
		33B93AFA20D7A70900C777AF /* Products */ = {
			isa = PBXGroup;
			children = (
				33B93AF920D7A70900C777AF /* FortniteHealth.app */,
				33B93B0D20D7A70B00C777AF /* FortniteHealthTests.xctest */,
				33B93B1820D7A70B00C777AF /* FortniteHealthUITests.xctest */,
			);
			name = Products;
			sourceTree = "<group>";
		};
		33B93AFB20D7A70900C777AF /* FortniteHealth */ = {
			isa = PBXGroup;
			children = (
				33B93AFC20D7A70900C777AF /* AppDelegate.swift */,
				33B93AFE20D7A70900C777AF /* StartViewController.swift */,
				33B93B0020D7A70900C777AF /* Main.storyboard */,
				7EEB331620DCBD2400E32B3C /* EndGameViewController.swift */,
				7EEB330820DAC3F000E32B3C /* Global.swift */,
				7EEB330620DAC1F500E32B3C /* GameViewController.swift */,
				7EEB330420DA9C6000E32B3C /* UIView.swift */,
				33B93B0320D7A70B00C777AF /* Assets.xcassets */,
				33B93B0520D7A70B00C777AF /* LaunchScreen.storyboard */,
				33B93B0820D7A70B00C777AF /* Info.plist */,
				33DEC1C520DB79F1003FD0F7 /* chugJug.mp3 */,
				7EEB331020DB8B7B00E32B3C /* miniShield.mp3 */,
				33DEC1C620DB79F1003FD0F7 /* deathSound.mp3 */,
				7EEB331920E0C90100E32B3C /* boltSound.wav */,
				33DEC1DA20DCCA3B003FD0F7 /* victorySoundFinal.mp3 */,
				33DEC1D820DCC6C3003FD0F7 /* buttonPress.mp3 */,
				33DEC1CA20DB7A06003FD0F7 /* bigShield.mp3 */,
				338AD7EF20DA6C78000B2B94 /* Images.xcassets */,
			);
			path = FortniteHealth;
			sourceTree = "<group>";
		};
		33B93B1020D7A70B00C777AF /* FortniteHealthTests */ = {
			isa = PBXGroup;
			children = (
				33B93B1120D7A70B00C777AF /* FortniteHealthTests.swift */,
				33B93B1320D7A70B00C777AF /* Info.plist */,
			);
			path = FortniteHealthTests;
			sourceTree = "<group>";
		};
		33B93B1B20D7A70B00C777AF /* FortniteHealthUITests */ = {
			isa = PBXGroup;
			children = (
				33B93B1C20D7A70B00C777AF /* FortniteHealthUITests.swift */,
				33B93B1E20D7A70B00C777AF /* Info.plist */,
			);
			path = FortniteHealthUITests;
			sourceTree = "<group>";
		};
/* End PBXGroup section */

/* Begin PBXNativeTarget section */
		33B93AF820D7A70800C777AF /* FortniteHealth */ = {
			isa = PBXNativeTarget;
			buildConfigurationList = 33B93B2120D7A70B00C777AF /* Build configuration list for PBXNativeTarget "FortniteHealth" */;
			buildPhases = (
				33B93AF520D7A70800C777AF /* Sources */,
				33B93AF620D7A70800C777AF /* Frameworks */,
				33B93AF720D7A70800C777AF /* Resources */,
			);
			buildRules = (
			);
			dependencies = (
			);
			name = FortniteHealth;
			productName = FortniteHealth;
			productReference = 33B93AF920D7A70900C777AF /* FortniteHealth.app */;
			productType = "com.apple.product-type.application";
		};
		33B93B0C20D7A70B00C777AF /* FortniteHealthTests */ = {
			isa = PBXNativeTarget;
			buildConfigurationList = 33B93B2420D7A70B00C777AF /* Build configuration list for PBXNativeTarget "FortniteHealthTests" */;
			buildPhases = (
				33B93B0920D7A70B00C777AF /* Sources */,
				33B93B0A20D7A70B00C777AF /* Frameworks */,
				33B93B0B20D7A70B00C777AF /* Resources */,
			);
			buildRules = (
			);
			dependencies = (
				33B93B0F20D7A70B00C777AF /* PBXTargetDependency */,
			);
			name = FortniteHealthTests;
			productName = FortniteHealthTests;
			productReference = 33B93B0D20D7A70B00C777AF /* FortniteHealthTests.xctest */;
			productType = "com.apple.product-type.bundle.unit-test";
		};
		33B93B1720D7A70B00C777AF /* FortniteHealthUITests */ = {
			isa = PBXNativeTarget;
			buildConfigurationList = 33B93B2720D7A70B00C777AF /* Build configuration list for PBXNativeTarget "FortniteHealthUITests" */;
			buildPhases = (
				33B93B1420D7A70B00C777AF /* Sources */,
				33B93B1520D7A70B00C777AF /* Frameworks */,
				33B93B1620D7A70B00C777AF /* Resources */,
			);
			buildRules = (
			);
			dependencies = (
				33B93B1A20D7A70B00C777AF /* PBXTargetDependency */,
			);
			name = FortniteHealthUITests;
			productName = FortniteHealthUITests;
			productReference = 33B93B1820D7A70B00C777AF /* FortniteHealthUITests.xctest */;
			productType = "com.apple.product-type.bundle.ui-testing";
		};
/* End PBXNativeTarget section */

/* Begin PBXProject section */
		33B93AF120D7A70800C777AF /* Project object */ = {
			isa = PBXProject;
			attributes = {
				LastSwiftUpdateCheck = 0940;
				LastUpgradeCheck = 0940;
				ORGANIZATIONNAME = "Tom Macgowan";
				TargetAttributes = {
					33B93AF820D7A70800C777AF = {
						CreatedOnToolsVersion = 9.4.1;
						SystemCapabilities = {
							com.apple.BackgroundModes = {
								enabled = 0;
							};
						};
					};
					33B93B0C20D7A70B00C777AF = {
						CreatedOnToolsVersion = 9.4.1;
						TestTargetID = 33B93AF820D7A70800C777AF;
					};
					33B93B1720D7A70B00C777AF = {
						CreatedOnToolsVersion = 9.4.1;
						TestTargetID = 33B93AF820D7A70800C777AF;
					};
				};
			};
			buildConfigurationList = 33B93AF420D7A70800C777AF /* Build configuration list for PBXProject "FortniteHealth" */;
			compatibilityVersion = "Xcode 9.3";
			developmentRegion = en;
			hasScannedForEncodings = 0;
			knownRegions = (
				en,
				Base,
			);
			mainGroup = 33B93AF020D7A70800C777AF;
			productRefGroup = 33B93AFA20D7A70900C777AF /* Products */;
			projectDirPath = "";
			projectRoot = "";
			targets = (
				33B93AF820D7A70800C777AF /* FortniteHealth */,
				33B93B0C20D7A70B00C777AF /* FortniteHealthTests */,
				33B93B1720D7A70B00C777AF /* FortniteHealthUITests */,
			);
		};
/* End PBXProject section */

/* Begin PBXResourcesBuildPhase section */
		33B93AF720D7A70800C777AF /* Resources */ = {
			isa = PBXResourcesBuildPhase;
			buildActionMask = 2147483647;
			files = (
				33B93B0720D7A70B00C777AF /* LaunchScreen.storyboard in Resources */,
				33DEC1C820DB79F1003FD0F7 /* chugJug.mp3 in Resources */,
				7EEB331120DB8B7B00E32B3C /* miniShield.mp3 in Resources */,
				33DEC1C920DB79F1003FD0F7 /* deathSound.mp3 in Resources */,
				33DEC1D920DCC6C4003FD0F7 /* buttonPress.mp3 in Resources */,
				338AD7F020DA6C78000B2B94 /* Images.xcassets in Resources */,
				33DEC1DB20DCCA3B003FD0F7 /* victorySoundFinal.mp3 in Resources */,
				33B93B0420D7A70B00C777AF /* Assets.xcassets in Resources */,
				7EEB331A20E0C90100E32B3C /* boltSound.wav in Resources */,
				33DEC1CB20DB7A06003FD0F7 /* bigShield.mp3 in Resources */,
				33B93B0220D7A70900C777AF /* Main.storyboard in Resources */,
			);
			runOnlyForDeploymentPostprocessing = 0;
		};
		33B93B0B20D7A70B00C777AF /* Resources */ = {
			isa = PBXResourcesBuildPhase;
			buildActionMask = 2147483647;
			files = (
			);
			runOnlyForDeploymentPostprocessing = 0;
		};
		33B93B1620D7A70B00C777AF /* Resources */ = {
			isa = PBXResourcesBuildPhase;
			buildActionMask = 2147483647;
			files = (
			);
			runOnlyForDeploymentPostprocessing = 0;
		};
/* End PBXResourcesBuildPhase section */

/* Begin PBXSourcesBuildPhase section */
		33B93AF520D7A70800C777AF /* Sources */ = {
			isa = PBXSourcesBuildPhase;
			buildActionMask = 2147483647;
			files = (
				7EEB330720DAC1F500E32B3C /* GameViewController.swift in Sources */,
				33B93AFF20D7A70900C777AF /* StartViewController.swift in Sources */,
				7EEB330520DA9C6000E32B3C /* UIView.swift in Sources */,
				7EEB330920DAC3F000E32B3C /* Global.swift in Sources */,
				33B93AFD20D7A70900C777AF /* AppDelegate.swift in Sources */,
				7EEB331720DCBD2400E32B3C /* EndGameViewController.swift in Sources */,
			);
			runOnlyForDeploymentPostprocessing = 0;
		};
		33B93B0920D7A70B00C777AF /* Sources */ = {
			isa = PBXSourcesBuildPhase;
			buildActionMask = 2147483647;
			files = (
				33B93B1220D7A70B00C777AF /* FortniteHealthTests.swift in Sources */,
			);
			runOnlyForDeploymentPostprocessing = 0;
		};
		33B93B1420D7A70B00C777AF /* Sources */ = {
			isa = PBXSourcesBuildPhase;
			buildActionMask = 2147483647;
			files = (
				33B93B1D20D7A70B00C777AF /* FortniteHealthUITests.swift in Sources */,
			);
			runOnlyForDeploymentPostprocessing = 0;
		};
/* End PBXSourcesBuildPhase section */

/* Begin PBXTargetDependency section */
		33B93B0F20D7A70B00C777AF /* PBXTargetDependency */ = {
			isa = PBXTargetDependency;
			target = 33B93AF820D7A70800C777AF /* FortniteHealth */;
			targetProxy = 33B93B0E20D7A70B00C777AF /* PBXContainerItemProxy */;
		};
		33B93B1A20D7A70B00C777AF /* PBXTargetDependency */ = {
			isa = PBXTargetDependency;
			target = 33B93AF820D7A70800C777AF /* FortniteHealth */;
			targetProxy = 33B93B1920D7A70B00C777AF /* PBXContainerItemProxy */;
		};
/* End PBXTargetDependency section */

/* Begin PBXVariantGroup section */
		33B93B0020D7A70900C777AF /* Main.storyboard */ = {
			isa = PBXVariantGroup;
			children = (
				33B93B0120D7A70900C777AF /* Base */,
			);
			name = Main.storyboard;
			sourceTree = "<group>";
		};
		33B93B0520D7A70B00C777AF /* LaunchScreen.storyboard */ = {
			isa = PBXVariantGroup;
			children = (
				33B93B0620D7A70B00C777AF /* Base */,
			);
			name = LaunchScreen.storyboard;
			sourceTree = "<group>";
		};
/* End PBXVariantGroup section */

/* Begin XCBuildConfiguration section */
		33B93B1F20D7A70B00C777AF /* Debug */ = {
			isa = XCBuildConfiguration;
			buildSettings = {
				ALWAYS_SEARCH_USER_PATHS = NO;
				CLANG_ANALYZER_NONNULL = YES;
				CLANG_ANALYZER_NUMBER_OBJECT_CONVERSION = YES_AGGRESSIVE;
				CLANG_CXX_LANGUAGE_STANDARD = "gnu++14";
				CLANG_CXX_LIBRARY = "libc++";
				CLANG_ENABLE_MODULES = YES;
				CLANG_ENABLE_OBJC_ARC = YES;
				CLANG_ENABLE_OBJC_WEAK = YES;
				CLANG_WARN_BLOCK_CAPTURE_AUTORELEASING = YES;
				CLANG_WARN_BOOL_CONVERSION = YES;
				CLANG_WARN_COMMA = YES;
				CLANG_WARN_CONSTANT_CONVERSION = YES;
				CLANG_WARN_DEPRECATED_OBJC_IMPLEMENTATIONS = YES;
				CLANG_WARN_DIRECT_OBJC_ISA_USAGE = YES_ERROR;
				CLANG_WARN_DOCUMENTATION_COMMENTS = YES;
				CLANG_WARN_EMPTY_BODY = YES;
				CLANG_WARN_ENUM_CONVERSION = YES;
				CLANG_WARN_INFINITE_RECURSION = YES;
				CLANG_WARN_INT_CONVERSION = YES;
				CLANG_WARN_NON_LITERAL_NULL_CONVERSION = YES;
				CLANG_WARN_OBJC_IMPLICIT_RETAIN_SELF = YES;
				CLANG_WARN_OBJC_LITERAL_CONVERSION = YES;
				CLANG_WARN_OBJC_ROOT_CLASS = YES_ERROR;
				CLANG_WARN_RANGE_LOOP_ANALYSIS = YES;
				CLANG_WARN_STRICT_PROTOTYPES = YES;
				CLANG_WARN_SUSPICIOUS_MOVE = YES;
				CLANG_WARN_UNGUARDED_AVAILABILITY = YES_AGGRESSIVE;
				CLANG_WARN_UNREACHABLE_CODE = YES;
				CLANG_WARN__DUPLICATE_METHOD_MATCH = YES;
				CODE_SIGN_IDENTITY = "iPhone Developer";
				COPY_PHASE_STRIP = NO;
				DEBUG_INFORMATION_FORMAT = dwarf;
				ENABLE_STRICT_OBJC_MSGSEND = YES;
				ENABLE_TESTABILITY = YES;
				GCC_C_LANGUAGE_STANDARD = gnu11;
				GCC_DYNAMIC_NO_PIC = NO;
				GCC_NO_COMMON_BLOCKS = YES;
				GCC_OPTIMIZATION_LEVEL = 0;
				GCC_PREPROCESSOR_DEFINITIONS = (
					"DEBUG=1",
					"$(inherited)",
				);
				GCC_WARN_64_TO_32_BIT_CONVERSION = YES;
				GCC_WARN_ABOUT_RETURN_TYPE = YES_ERROR;
				GCC_WARN_UNDECLARED_SELECTOR = YES;
				GCC_WARN_UNINITIALIZED_AUTOS = YES_AGGRESSIVE;
				GCC_WARN_UNUSED_FUNCTION = YES;
				GCC_WARN_UNUSED_VARIABLE = YES;
				IPHONEOS_DEPLOYMENT_TARGET = 11.4;
				MTL_ENABLE_DEBUG_INFO = YES;
				ONLY_ACTIVE_ARCH = YES;
				SDKROOT = iphoneos;
				SWIFT_ACTIVE_COMPILATION_CONDITIONS = DEBUG;
				SWIFT_OPTIMIZATION_LEVEL = "-Onone";
			};
			name = Debug;
		};
		33B93B2020D7A70B00C777AF /* Release */ = {
			isa = XCBuildConfiguration;
			buildSettings = {
				ALWAYS_SEARCH_USER_PATHS = NO;
				CLANG_ANALYZER_NONNULL = YES;
				CLANG_ANALYZER_NUMBER_OBJECT_CONVERSION = YES_AGGRESSIVE;
				CLANG_CXX_LANGUAGE_STANDARD = "gnu++14";
				CLANG_CXX_LIBRARY = "libc++";
				CLANG_ENABLE_MODULES = YES;
				CLANG_ENABLE_OBJC_ARC = YES;
				CLANG_ENABLE_OBJC_WEAK = YES;
				CLANG_WARN_BLOCK_CAPTURE_AUTORELEASING = YES;
				CLANG_WARN_BOOL_CONVERSION = YES;
				CLANG_WARN_COMMA = YES;
				CLANG_WARN_CONSTANT_CONVERSION = YES;
				CLANG_WARN_DEPRECATED_OBJC_IMPLEMENTATIONS = YES;
				CLANG_WARN_DIRECT_OBJC_ISA_USAGE = YES_ERROR;
				CLANG_WARN_DOCUMENTATION_COMMENTS = YES;
				CLANG_WARN_EMPTY_BODY = YES;
				CLANG_WARN_ENUM_CONVERSION = YES;
				CLANG_WARN_INFINITE_RECURSION = YES;
				CLANG_WARN_INT_CONVERSION = YES;
				CLANG_WARN_NON_LITERAL_NULL_CONVERSION = YES;
				CLANG_WARN_OBJC_IMPLICIT_RETAIN_SELF = YES;
				CLANG_WARN_OBJC_LITERAL_CONVERSION = YES;
				CLANG_WARN_OBJC_ROOT_CLASS = YES_ERROR;
				CLANG_WARN_RANGE_LOOP_ANALYSIS = YES;
				CLANG_WARN_STRICT_PROTOTYPES = YES;
				CLANG_WARN_SUSPICIOUS_MOVE = YES;
				CLANG_WARN_UNGUARDED_AVAILABILITY = YES_AGGRESSIVE;
				CLANG_WARN_UNREACHABLE_CODE = YES;
				CLANG_WARN__DUPLICATE_METHOD_MATCH = YES;
				CODE_SIGN_IDENTITY = "iPhone Developer";
				COPY_PHASE_STRIP = NO;
				DEBUG_INFORMATION_FORMAT = "dwarf-with-dsym";
				ENABLE_NS_ASSERTIONS = NO;
				ENABLE_STRICT_OBJC_MSGSEND = YES;
				GCC_C_LANGUAGE_STANDARD = gnu11;
				GCC_NO_COMMON_BLOCKS = YES;
				GCC_WARN_64_TO_32_BIT_CONVERSION = YES;
				GCC_WARN_ABOUT_RETURN_TYPE = YES_ERROR;
				GCC_WARN_UNDECLARED_SELECTOR = YES;
				GCC_WARN_UNINITIALIZED_AUTOS = YES_AGGRESSIVE;
				GCC_WARN_UNUSED_FUNCTION = YES;
				GCC_WARN_UNUSED_VARIABLE = YES;
				IPHONEOS_DEPLOYMENT_TARGET = 11.4;
				MTL_ENABLE_DEBUG_INFO = NO;
				SDKROOT = iphoneos;
				SWIFT_COMPILATION_MODE = wholemodule;
				SWIFT_OPTIMIZATION_LEVEL = "-O";
				VALIDATE_PRODUCT = YES;
			};
			name = Release;
		};
		33B93B2220D7A70B00C777AF /* Debug */ = {
			isa = XCBuildConfiguration;
			buildSettings = {
				ASSETCATALOG_COMPILER_APPICON_NAME = AppIcon;
				ASSETCATALOG_COMPILER_LAUNCHIMAGE_NAME = "LaunchImage-2";
				CODE_SIGN_IDENTITY = "iPhone Developer";
				CODE_SIGN_STYLE = Automatic;
				DEVELOPMENT_TEAM = "";
				INFOPLIST_FILE = FortniteHealth/Info.plist;
				LD_RUNPATH_SEARCH_PATHS = (
					"$(inherited)",
					"@executable_path/Frameworks",
				);
				PRODUCT_BUNDLE_IDENTIFIER = Tom.FortniteHealth;
				PRODUCT_NAME = "$(TARGET_NAME)";
				PROVISIONING_PROFILE_SPECIFIER = "";
				SWIFT_VERSION = 4.0;
				TARGETED_DEVICE_FAMILY = "1,2";
			};
			name = Debug;
		};
		33B93B2320D7A70B00C777AF /* Release */ = {
			isa = XCBuildConfiguration;
			buildSettings = {
				ASSETCATALOG_COMPILER_APPICON_NAME = AppIcon;
				ASSETCATALOG_COMPILER_LAUNCHIMAGE_NAME = "LaunchImage-2";
				CODE_SIGN_IDENTITY = "iPhone Developer";
				CODE_SIGN_STYLE = Automatic;
				DEVELOPMENT_TEAM = "";
				INFOPLIST_FILE = FortniteHealth/Info.plist;
				LD_RUNPATH_SEARCH_PATHS = (
					"$(inherited)",
					"@executable_path/Frameworks",
				);
				PRODUCT_BUNDLE_IDENTIFIER = Tom.FortniteHealth;
				PRODUCT_NAME = "$(TARGET_NAME)";
				PROVISIONING_PROFILE_SPECIFIER = "";
				SWIFT_VERSION = 4.0;
				TARGETED_DEVICE_FAMILY = "1,2";
			};
			name = Release;
		};
		33B93B2520D7A70B00C777AF /* Debug */ = {
			isa = XCBuildConfiguration;
			buildSettings = {
				ALWAYS_EMBED_SWIFT_STANDARD_LIBRARIES = YES;
				BUNDLE_LOADER = "$(TEST_HOST)";
				CODE_SIGN_STYLE = Automatic;
				INFOPLIST_FILE = FortniteHealthTests/Info.plist;
				LD_RUNPATH_SEARCH_PATHS = (
					"$(inherited)",
					"@executable_path/Frameworks",
					"@loader_path/Frameworks",
				);
				PRODUCT_BUNDLE_IDENTIFIER = Tom.FortniteHealthTests;
				PRODUCT_NAME = "$(TARGET_NAME)";
				SWIFT_VERSION = 4.0;
				TARGETED_DEVICE_FAMILY = "1,2";
				TEST_HOST = "$(BUILT_PRODUCTS_DIR)/FortniteHealth.app/FortniteHealth";
			};
			name = Debug;
		};
		33B93B2620D7A70B00C777AF /* Release */ = {
			isa = XCBuildConfiguration;
			buildSettings = {
				ALWAYS_EMBED_SWIFT_STANDARD_LIBRARIES = YES;
				BUNDLE_LOADER = "$(TEST_HOST)";
				CODE_SIGN_STYLE = Automatic;
				INFOPLIST_FILE = FortniteHealthTests/Info.plist;
				LD_RUNPATH_SEARCH_PATHS = (
					"$(inherited)",
					"@executable_path/Frameworks",
					"@loader_path/Frameworks",
				);
				PRODUCT_BUNDLE_IDENTIFIER = Tom.FortniteHealthTests;
				PRODUCT_NAME = "$(TARGET_NAME)";
				SWIFT_VERSION = 4.0;
				TARGETED_DEVICE_FAMILY = "1,2";
				TEST_HOST = "$(BUILT_PRODUCTS_DIR)/FortniteHealth.app/FortniteHealth";
			};
			name = Release;
		};
		33B93B2820D7A70B00C777AF /* Debug */ = {
			isa = XCBuildConfiguration;
			buildSettings = {
				ALWAYS_EMBED_SWIFT_STANDARD_LIBRARIES = YES;
				CODE_SIGN_STYLE = Automatic;
				INFOPLIST_FILE = FortniteHealthUITests/Info.plist;
				LD_RUNPATH_SEARCH_PATHS = (
					"$(inherited)",
					"@executable_path/Frameworks",
					"@loader_path/Frameworks",
				);
				PRODUCT_BUNDLE_IDENTIFIER = Tom.FortniteHealthUITests;
				PRODUCT_NAME = "$(TARGET_NAME)";
				SWIFT_VERSION = 4.0;
				TARGETED_DEVICE_FAMILY = "1,2";
				TEST_TARGET_NAME = FortniteHealth;
			};
			name = Debug;
		};
		33B93B2920D7A70B00C777AF /* Release */ = {
			isa = XCBuildConfiguration;
			buildSettings = {
				ALWAYS_EMBED_SWIFT_STANDARD_LIBRARIES = YES;
				CODE_SIGN_STYLE = Automatic;
				INFOPLIST_FILE = FortniteHealthUITests/Info.plist;
				LD_RUNPATH_SEARCH_PATHS = (
					"$(inherited)",
					"@executable_path/Frameworks",
					"@loader_path/Frameworks",
				);
				PRODUCT_BUNDLE_IDENTIFIER = Tom.FortniteHealthUITests;
				PRODUCT_NAME = "$(TARGET_NAME)";
				SWIFT_VERSION = 4.0;
				TARGETED_DEVICE_FAMILY = "1,2";
				TEST_TARGET_NAME = FortniteHealth;
			};
			name = Release;
		};
/* End XCBuildConfiguration section */

/* Begin XCConfigurationList section */
		33B93AF420D7A70800C777AF /* Build configuration list for PBXProject "FortniteHealth" */ = {
			isa = XCConfigurationList;
			buildConfigurations = (
				33B93B1F20D7A70B00C777AF /* Debug */,
				33B93B2020D7A70B00C777AF /* Release */,
			);
			defaultConfigurationIsVisible = 0;
			defaultConfigurationName = Release;
		};
		33B93B2120D7A70B00C777AF /* Build configuration list for PBXNativeTarget "FortniteHealth" */ = {
			isa = XCConfigurationList;
			buildConfigurations = (
				33B93B2220D7A70B00C777AF /* Debug */,
				33B93B2320D7A70B00C777AF /* Release */,
			);
			defaultConfigurationIsVisible = 0;
			defaultConfigurationName = Release;
		};
		33B93B2420D7A70B00C777AF /* Build configuration list for PBXNativeTarget "FortniteHealthTests" */ = {
			isa = XCConfigurationList;
			buildConfigurations = (
				33B93B2520D7A70B00C777AF /* Debug */,
				33B93B2620D7A70B00C777AF /* Release */,
			);
			defaultConfigurationIsVisible = 0;
			defaultConfigurationName = Release;
		};
		33B93B2720D7A70B00C777AF /* Build configuration list for PBXNativeTarget "FortniteHealthUITests" */ = {
			isa = XCConfigurationList;
			buildConfigurations = (
				33B93B2820D7A70B00C777AF /* Debug */,
				33B93B2920D7A70B00C777AF /* Release */,
			);
			defaultConfigurationIsVisible = 0;
			defaultConfigurationName = Release;
		};
/* End XCConfigurationList section */
	};
	rootObject = 33B93AF120D7A70800C777AF /* Project object */;
}
